{
  "name": "storybook-static",
  "lockfileVersion": 2,
  "requires": true,
  "packages": {
    "": {
      "devDependencies": {
        "chromatic": "^6.19.8"
      }
    },
    "node_modules/chromatic": {
      "version": "6.19.8",
      "resolved": "https://registry.npmjs.org/chromatic/-/chromatic-6.19.8.tgz",
      "integrity": "sha512-cvQAd/BkhRscXYbHuwIYwkmqzgpLz50maBGvUDa+WdfpoxzYrUvG2uZ1YU3tS857dAwMuTL5wUFiawiffDIKvQ==",
      "dev": true,
      "bin": {
        "chroma": "dist/bin.js",
        "chromatic": "dist/bin.js",
        "chromatic-cli": "dist/bin.js"
      }
    }
  },
  "dependencies": {
    "chromatic": {
      "version": "6.19.8",
      "resolved": "https://registry.npmjs.org/chromatic/-/chromatic-6.19.8.tgz",
      "integrity": "sha512-cvQAd/BkhRscXYbHuwIYwkmqzgpLz50maBGvUDa+WdfpoxzYrUvG2uZ1YU3tS857dAwMuTL5wUFiawiffDIKvQ==",
      "dev": true
    }
  }
}
